
Microsoft Visual Studio Solution File, Format Version 12.00
# Visual Studio Version 17
VisualStudioVersion = 17.6.33815.320
MinimumVisualStudioVersion = 10.0.40219.1
Project("{FAE04EC0-301F-11D3-BF4B-00C04F79EFBC}") = "hospitalbigbang", "hospitalbigbang\hospitalbigbang.csproj", "{731EE7F8-39E1-41F4-A058-B6EF76C48CFE}"
EndProject
Global
	GlobalSection(SolutionConfigurationPlatforms) = preSolution
		Debug|Any CPU = Debug|Any CPU
		Release|Any CPU = Release|Any CPU
	EndGlobalSection
	GlobalSection(ProjectConfigurationPlatforms) = postSolution
		{731EE7F8-39E1-41F4-A058-B6EF76C48CFE}.Debug|Any CPU.ActiveCfg = Debug|Any CPU
		{731EE7F8-39E1-41F4-A058-B6EF76C48CFE}.Debug|Any CPU.Build.0 = Debug|Any CPU
		{731EE7F8-39E1-41F4-A058-B6EF76C48CFE}.Release|Any CPU.ActiveCfg = Release|Any CPU
		{731EE7F8-39E1-41F4-A058-B6EF76C48CFE}.Release|Any CPU.Build.0 = Release|Any CPU
	EndGlobalSection
	GlobalSection(SolutionProperties) = preSolution
		HideSolutionNode = FALSE
	EndGlobalSection
	GlobalSection(ExtensibilityGlobals) = postSolution
		SolutionGuid = {93B7AF13-6FCB-4580-97A1-1378D3E0AA19}
	EndGlobalSection
EndGlobal
